
Microsoft Visual Studio Solution File, Format Version 12.00
# Visual Studio 15
Project("{FAE04EC0-301F-11D3-BF4B-00C04F79EFBC}") = "RuntimeEditorUpdate", "RuntimeEditorUpdate.csproj", "{48F917D1-7810-2191-B73F-146364B0005C}"
EndProject
Project("{FAE04EC0-301F-11D3-BF4B-00C04F79EFBC}") = "RuntimeEditorUpdate.Editor", "RuntimeEditorUpdate.Editor.csproj", "{734B72B6-CACF-0CBD-BAC5-1DEA6242DDF3}"
EndProject
Global
	GlobalSection(SolutionConfigurationPlatforms) = preSolution
		Debug|Any CPU = Debug|Any CPU
		Release|Any CPU = Release|Any CPU
	EndGlobalSection
	GlobalSection(ProjectConfigurationPlatforms) = postSolution
		{48F917D1-7810-2191-B73F-146364B0005C}.Debug|Any CPU.ActiveCfg = Debug|Any CPU
		{48F917D1-7810-2191-B73F-146364B0005C}.Debug|Any CPU.Build.0 = Debug|Any CPU
		{48F917D1-7810-2191-B73F-146364B0005C}.Release|Any CPU.ActiveCfg = Release|Any CPU
		{48F917D1-7810-2191-B73F-146364B0005C}.Release|Any CPU.Build.0 = Release|Any CPU
		{734B72B6-CACF-0CBD-BAC5-1DEA6242DDF3}.Debug|Any CPU.ActiveCfg = Debug|Any CPU
		{734B72B6-CACF-0CBD-BAC5-1DEA6242DDF3}.Debug|Any CPU.Build.0 = Debug|Any CPU
		{734B72B6-CACF-0CBD-BAC5-1DEA6242DDF3}.Release|Any CPU.ActiveCfg = Release|Any CPU
		{734B72B6-CACF-0CBD-BAC5-1DEA6242DDF3}.Release|Any CPU.Build.0 = Release|Any CPU
	EndGlobalSection
	GlobalSection(SolutionProperties) = preSolution
		HideSolutionNode = FALSE
	EndGlobalSection
EndGlobal
